// !$*UTF8*$!
{
	archiveVersion = 1;
	classes = {
	};
	objectVersion = 46;
	objects = {

/* Begin PBXBuildFile section */
		FB561E78194B505D0049864D /* Foundation.framework in Frameworks */ = {isa = PBXBuildFile; fileRef = FB561E77194B505D0049864D /* Foundation.framework */; };
		FB561E7A194B505D0049864D /* CoreGraphics.framework in Frameworks */ = {isa = PBXBuildFile; fileRef = FB561E79194B505D0049864D /* CoreGraphics.framework */; };
		FB561E7C194B505D0049864D /* UIKit.framework in Frameworks */ = {isa = PBXBuildFile; fileRef = FB561E7B194B505D0049864D /* UIKit.framework */; };
		FB561E82194B505D0049864D /* InfoPlist.strings in Resources */ = {isa = PBXBuildFile; fileRef = FB561E80194B505D0049864D /* InfoPlist.strings */; };
		FB561E84194B505D0049864D /* main.m in Sources */ = {isa = PBXBuildFile; fileRef = FB561E83194B505D0049864D /* main.m */; };
		FB561E88194B505D0049864D /* VINAppDelegate.m in Sources */ = {isa = PBXBuildFile; fileRef = FB561E87194B505D0049864D /* VINAppDelegate.m */; };
		FB561E8B194B505D0049864D /* Main_iPhone.storyboard in Resources */ = {isa = PBXBuildFile; fileRef = FB561E89194B505D0049864D /* Main_iPhone.storyboard */; };
		FB561E8E194B505D0049864D /* Main_iPad.storyboard in Resources */ = {isa = PBXBuildFile; fileRef = FB561E8C194B505D0049864D /* Main_iPad.storyboard */; };
		FB561E91194B505D0049864D /* VINViewController.m in Sources */ = {isa = PBXBuildFile; fileRef = FB561E90194B505D0049864D /* VINViewController.m */; };
		FB561E93194B505D0049864D /* Images.xcassets in Resources */ = {isa = PBXBuildFile; fileRef = FB561E92194B505D0049864D /* Images.xcassets */; };
		FB561E9A194B505D0049864D /* XCTest.framework in Frameworks */ = {isa = PBXBuildFile; fileRef = FB561E99194B505D0049864D /* XCTest.framework */; };
		FB561E9B194B505D0049864D /* Foundation.framework in Frameworks */ = {isa = PBXBuildFile; fileRef = FB561E77194B505D0049864D /* Foundation.framework */; };
		FB561E9C194B505D0049864D /* UIKit.framework in Frameworks */ = {isa = PBXBuildFile; fileRef = FB561E7B194B505D0049864D /* UIKit.framework */; };
		FB561EA4194B505D0049864D /* InfoPlist.strings in Resources */ = {isa = PBXBuildFile; fileRef = FB561EA2194B505D0049864D /* InfoPlist.strings */; };
		FB561EA6194B505D0049864D /* BooksAndMoviesTests.m in Sources */ = {isa = PBXBuildFile; fileRef = FB561EA5194B505D0049864D /* BooksAndMoviesTests.m */; };
/* End PBXBuildFile section */

/* Begin PBXContainerItemProxy section */
		FB561E9D194B505D0049864D /* PBXContainerItemProxy */ = {
			isa = PBXContainerItemProxy;
			containerPortal = FB561E6C194B505D0049864D /* Project object */;
			proxyType = 1;
			remoteGlobalIDString = FB561E73194B505D0049864D;
			remoteInfo = BooksAndMovies;
		};
/* End PBXContainerItemProxy section */

/* Begin PBXFileReference section */
		FB561E74194B505D0049864D /* BooksAndMovies.app */ = {isa = PBXFileReference; explicitFileType = wrapper.application; includeInIndex = 0; path = BooksAndMovies.app; sourceTree = BUILT_PRODUCTS_DIR; };
		FB561E77194B505D0049864D /* Foundation.framework */ = {isa = PBXFileReference; lastKnownFileType = wrapper.framework; name = Foundation.framework; path = System/Library/Frameworks/Foundation.framework; sourceTree = SDKROOT; };
		FB561E79194B505D0049864D /* CoreGraphics.framework */ = {isa = PBXFileReference; lastKnownFileType = wrapper.framework; name = CoreGraphics.framework; path = System/Library/Frameworks/CoreGraphics.framework; sourceTree = SDKROOT; };
		FB561E7B194B505D0049864D /* UIKit.framework */ = {isa = PBXFileReference; lastKnownFileType = wrapper.framework; name = UIKit.framework; path = System/Library/Frameworks/UIKit.framework; sourceTree = SDKROOT; };
		FB561E7F194B505D0049864D /* BooksAndMovies-Info.plist */ = {isa = PBXFileReference; lastKnownFileType = text.plist.xml; path = "BooksAndMovies-Info.plist"; sourceTree = "<group>"; };
		FB561E81194B505D0049864D /* en */ = {isa = PBXFileReference; lastKnownFileType = text.plist.strings; name = en; path = en.lproj/InfoPlist.strings; sourceTree = "<group>"; };
		FB561E83194B505D0049864D /* main.m */ = {isa = PBXFileReference; lastKnownFileType = sourcecode.c.objc; path = main.m; sourceTree = "<group>"; };
		FB561E85194B505D0049864D /* BooksAndMovies-Prefix.pch */ = {isa = PBXFileReference; lastKnownFileType = sourcecode.c.h; path = "BooksAndMovies-Prefix.pch"; sourceTree = "<group>"; };
		FB561E86194B505D0049864D /* VINAppDelegate.h */ = {isa = PBXFileReference; lastKnownFileType = sourcecode.c.h; path = VINAppDelegate.h; sourceTree = "<group>"; };
		FB561E87194B505D0049864D /* VINAppDelegate.m */ = {isa = PBXFileReference; lastKnownFileType = sourcecode.c.objc; path = VINAppDelegate.m; sourceTree = "<group>"; };
		FB561E8A194B505D0049864D /* Base */ = {isa = PBXFileReference; lastKnownFileType = file.storyboard; name = Base; path = Base.lproj/Main_iPhone.storyboard; sourceTree = "<group>"; };
		FB561E8D194B505D0049864D /* Base */ = {isa = PBXFileReference; lastKnownFileType = file.storyboard; name = Base; path = Base.lproj/Main_iPad.storyboard; sourceTree = "<group>"; };
		FB561E8F194B505D0049864D /* VINViewController.h */ = {isa = PBXFileReference; lastKnownFileType = sourcecode.c.h; path = VINViewController.h; sourceTree = "<group>"; };
		FB561E90194B505D0049864D /* VINViewController.m */ = {isa = PBXFileReference; lastKnownFileType = sourcecode.c.objc; path = VINViewController.m; sourceTree = "<group>"; };
		FB561E92194B505D0049864D /* Images.xcassets */ = {isa = PBXFileReference; lastKnownFileType = folder.assetcatalog; path = Images.xcassets; sourceTree = "<group>"; };
		FB561E98194B505D0049864D /* BooksAndMoviesTests.xctest */ = {isa = PBXFileReference; explicitFileType = wrapper.cfbundle; includeInIndex = 0; path = BooksAndMoviesTests.xctest; sourceTree = BUILT_PRODUCTS_DIR; };
		FB561E99194B505D0049864D /* XCTest.framework */ = {isa = PBXFileReference; lastKnownFileType = wrapper.framework; name = XCTest.framework; path = Library/Frameworks/XCTest.framework; sourceTree = DEVELOPER_DIR; };
		FB561EA1194B505D0049864D /* BooksAndMoviesTests-Info.plist */ = {isa = PBXFileReference; lastKnownFileType = text.plist.xml; path = "BooksAndMoviesTests-Info.plist"; sourceTree = "<group>"; };
		FB561EA3194B505D0049864D /* en */ = {isa = PBXFileReference; lastKnownFileType = text.plist.strings; name = en; path = en.lproj/InfoPlist.strings; sourceTree = "<group>"; };
		FB561EA5194B505D0049864D /* BooksAndMoviesTests.m */ = {isa = PBXFileReference; lastKnownFileType = sourcecode.c.objc; path = BooksAndMoviesTests.m; sourceTree = "<group>"; };
/* End PBXFileReference section */

/* Begin PBXFrameworksBuildPhase section */
		FB561E71194B505D0049864D /* Frameworks */ = {
			isa = PBXFrameworksBuildPhase;
			buildActionMask = 2147483647;
			files = (
				FB561E7A194B505D0049864D /* CoreGraphics.framework in Frameworks */,
				FB561E7C194B505D0049864D /* UIKit.framework in Frameworks */,
				FB561E78194B505D0049864D /* Foundation.framework in Frameworks */,
			);
			runOnlyForDeploymentPostprocessing = 0;
		};
		FB561E95194B505D0049864D /* Frameworks */ = {
			isa = PBXFrameworksBuildPhase;
			buildActionMask = 2147483647;
			files = (
				FB561E9A194B505D0049864D /* XCTest.framework in Frameworks */,
				FB561E9C194B505D0049864D /* UIKit.framework in Frameworks */,
				FB561E9B194B505D0049864D /* Foundation.framework in Frameworks */,
			);
			runOnlyForDeploymentPostprocessing = 0;
		};
/* End PBXFrameworksBuildPhase section */

/* Begin PBXGroup section */
		FB561E6B194B505D0049864D = {
			isa = PBXGroup;
			children = (
				FB561E7D194B505D0049864D /* BooksAndMovies */,
				FB561E9F194B505D0049864D /* BooksAndMoviesTests */,
				FB561E76194B505D0049864D /* Frameworks */,
				FB561E75194B505D0049864D /* Products */,
			);
			sourceTree = "<group>";
		};
		FB561E75194B505D0049864D /* Products */ = {
			isa = PBXGroup;
			children = (
				FB561E74194B505D0049864D /* BooksAndMovies.app */,
				FB561E98194B505D0049864D /* BooksAndMoviesTests.xctest */,
			);
			name = Products;
			sourceTree = "<group>";
		};
		FB561E76194B505D0049864D /* Frameworks */ = {
			isa = PBXGroup;
			children = (
				FB561E77194B505D0049864D /* Foundation.framework */,
				FB561E79194B505D0049864D /* CoreGraphics.framework */,
				FB561E7B194B505D0049864D /* UIKit.framework */,
				FB561E99194B505D0049864D /* XCTest.framework */,
			);
			name = Frameworks;
			sourceTree = "<group>";
		};
		FB561E7D194B505D0049864D /* BooksAndMovies */ = {
			isa = PBXGroup;
			children = (
				FB561E86194B505D0049864D /* VINAppDelegate.h */,
				FB561E87194B505D0049864D /* VINAppDelegate.m */,
				FB561E89194B505D0049864D /* Main_iPhone.storyboard */,
				FB561E8C194B505D0049864D /* Main_iPad.storyboard */,
				FB561E8F194B505D0049864D /* VINViewController.h */,
				FB561E90194B505D0049864D /* VINViewController.m */,
				FB561E92194B505D0049864D /* Images.xcassets */,
				FB561E7E194B505D0049864D /* Supporting Files */,
			);
			path = BooksAndMovies;
			sourceTree = "<group>";
		};
		FB561E7E194B505D0049864D /* Supporting Files */ = {
			isa = PBXGroup;
			children = (
				FB561E7F194B505D0049864D /* BooksAndMovies-Info.plist */,
				FB561E80194B505D0049864D /* InfoPlist.strings */,
				FB561E83194B505D0049864D /* main.m */,
				FB561E85194B505D0049864D /* BooksAndMovies-Prefix.pch */,
			);
			name = "Supporting Files";
			sourceTree = "<group>";
		};
		FB561E9F194B505D0049864D /* BooksAndMoviesTests */ = {
			isa = PBXGroup;
			children = (
				FB561EA5194B505D0049864D /* BooksAndMoviesTests.m */,
				FB561EA0194B505D0049864D /* Supporting Files */,
			);
			path = BooksAndMoviesTests;
			sourceTree = "<group>";
		};
		FB561EA0194B505D0049864D /* Supporting Files */ = {
			isa = PBXGroup;
			children = (
				FB561EA1194B505D0049864D /* BooksAndMoviesTests-Info.plist */,
				FB561EA2194B505D0049864D /* InfoPlist.strings */,
			);
			name = "Supporting Files";
			sourceTree = "<group>";
		};
/* End PBXGroup section */

/* Begin PBXNativeTarget section */
		FB561E73194B505D0049864D /* BooksAndMovies */ = {
			isa = PBXNativeTarget;
			buildConfigurationList = FB561EA9194B505D0049864D /* Build configuration list for PBXNativeTarget "BooksAndMovies" */;
			buildPhases = (
				FB561E70194B505D0049864D /* Sources */,
				FB561E71194B505D0049864D /* Frameworks */,
				FB561E72194B505D0049864D /* Resources */,
			);
			buildRules = (
			);
			dependencies = (
			);
			name = BooksAndMovies;
			productName = BooksAndMovies;
			productReference = FB561E74194B505D0049864D /* BooksAndMovies.app */;
			productType = "com.apple.product-type.application";
		};
		FB561E97194B505D0049864D /* BooksAndMoviesTests */ = {
			isa = PBXNativeTarget;
			buildConfigurationList = FB561EAC194B505D0049864D /* Build configuration list for PBXNativeTarget "BooksAndMoviesTests" */;
			buildPhases = (
				FB561E94194B505D0049864D /* Sources */,
				FB561E95194B505D0049864D /* Frameworks */,
				FB561E96194B505D0049864D /* Resources */,
			);
			buildRules = (
			);
			dependencies = (
				FB561E9E194B505D0049864D /* PBXTargetDependency */,
			);
			name = BooksAndMoviesTests;
			productName = BooksAndMoviesTests;
			productReference = FB561E98194B505D0049864D /* BooksAndMoviesTests.xctest */;
			productType = "com.apple.product-type.bundle.unit-test";
		};
/* End PBXNativeTarget section */

/* Begin PBXProject section */
		FB561E6C194B505D0049864D /* Project object */ = {
			isa = PBXProject;
			attributes = {
				CLASSPREFIX = VIN;
				LastUpgradeCheck = 0510;
				ORGANIZATIONNAME = "Vinny Carpenter";
				TargetAttributes = {
					FB561E97194B505D0049864D = {
						TestTargetID = FB561E73194B505D0049864D;
					};
				};
			};
			buildConfigurationList = FB561E6F194B505D0049864D /* Build configuration list for PBXProject "BooksAndMovies" */;
			compatibilityVersion = "Xcode 3.2";
			developmentRegion = English;
			hasScannedForEncodings = 0;
			knownRegions = (
				en,
				Base,
			);
			mainGroup = FB561E6B194B505D0049864D;
			productRefGroup = FB561E75194B505D0049864D /* Products */;
			projectDirPath = "";
			projectRoot = "";
			targets = (
				FB561E73194B505D0049864D /* BooksAndMovies */,
				FB561E97194B505D0049864D /* BooksAndMoviesTests */,
			);
		};
/* End PBXProject section */

/* Begin PBXResourcesBuildPhase section */
		FB561E72194B505D0049864D /* Resources */ = {
			isa = PBXResourcesBuildPhase;
			buildActionMask = 2147483647;
			files = (
				FB561E8E194B505D0049864D /* Main_iPad.storyboard in Resources */,
				FB561E93194B505D0049864D /* Images.xcassets in Resources */,
				FB561E8B194B505D0049864D /* Main_iPhone.storyboard in Resources */,
				FB561E82194B505D0049864D /* InfoPlist.strings in Resources */,
			);
			runOnlyForDeploymentPostprocessing = 0;
		};
		FB561E96194B505D0049864D /* Resources */ = {
			isa = PBXResourcesBuildPhase;
			buildActionMask = 2147483647;
			files = (
				FB561EA4194B505D0049864D /* InfoPlist.strings in Resources */,
			);
			runOnlyForDeploymentPostprocessing = 0;
		};
/* End PBXResourcesBuildPhase section */

/* Begin PBXSourcesBuildPhase section */
		FB561E70194B505D0049864D /* Sources */ = {
			isa = PBXSourcesBuildPhase;
			buildActionMask = 2147483647;
			files = (
				FB561E88194B505D0049864D /* VINAppDelegate.m in Sources */,
				FB561E91194B505D0049864D /* VINViewController.m in Sources */,
				FB561E84194B505D0049864D /* main.m in Sources */,
			);
			runOnlyForDeploymentPostprocessing = 0;
		};
		FB561E94194B505D0049864D /* Sources */ = {
			isa = PBXSourcesBuildPhase;
			buildActionMask = 2147483647;
			files = (
				FB561EA6194B505D0049864D /* BooksAndMoviesTests.m in Sources */,
			);
			runOnlyForDeploymentPostprocessing = 0;
		};
/* End PBXSourcesBuildPhase section */

/* Begin PBXTargetDependency section */
		FB561E9E194B505D0049864D /* PBXTargetDependency */ = {
			isa = PBXTargetDependency;
			target = FB561E73194B505D0049864D /* BooksAndMovies */;
			targetProxy = FB561E9D194B505D0049864D /* PBXContainerItemProxy */;
		};
/* End PBXTargetDependency section */

/* Begin PBXVariantGroup section */
		FB561E80194B505D0049864D /* InfoPlist.strings */ = {
			isa = PBXVariantGroup;
			children = (
				FB561E81194B505D0049864D /* en */,
			);
			name = InfoPlist.strings;
			sourceTree = "<group>";
		};
		FB561E89194B505D0049864D /* Main_iPhone.storyboard */ = {
			isa = PBXVariantGroup;
			children = (
				FB561E8A194B505D0049864D /* Base */,
			);
			name = Main_iPhone.storyboard;
			sourceTree = "<group>";
		};
		FB561E8C194B505D0049864D /* Main_iPad.storyboard */ = {
			isa = PBXVariantGroup;
			children = (
				FB561E8D194B505D0049864D /* Base */,
			);
			name = Main_iPad.storyboard;
			sourceTree = "<group>";
		};
		FB561EA2194B505D0049864D /* InfoPlist.strings */ = {
			isa = PBXVariantGroup;
			children = (
				FB561EA3194B505D0049864D /* en */,
			);
			name = InfoPlist.strings;
			sourceTree = "<group>";
		};
/* End PBXVariantGroup section */

/* Begin XCBuildConfiguration section */
		FB561EA7194B505D0049864D /* Debug */ = {
			isa = XCBuildConfiguration;
			buildSettings = {
				ALWAYS_SEARCH_USER_PATHS = NO;
				CLANG_CXX_LANGUAGE_STANDARD = "gnu++0x";
				CLANG_CXX_LIBRARY = "libc++";
				CLANG_ENABLE_MODULES = YES;
				CLANG_ENABLE_OBJC_ARC = YES;
				CLANG_WARN_BOOL_CONVERSION = YES;
				CLANG_WARN_CONSTANT_CONVERSION = YES;
				CLANG_WARN_DIRECT_OBJC_ISA_USAGE = YES_ERROR;
				CLANG_WARN_EMPTY_BODY = YES;
				CLANG_WARN_ENUM_CONVERSION = YES;
				CLANG_WARN_INT_CONVERSION = YES;
				CLANG_WARN_OBJC_ROOT_CLASS = YES_ERROR;
				CLANG_WARN__DUPLICATE_METHOD_MATCH = YES;
				"CODE_SIGN_IDENTITY[sdk=iphoneos*]" = "iPhone Developer";
				COPY_PHASE_STRIP = NO;
				GCC_C_LANGUAGE_STANDARD = gnu99;
				GCC_DYNAMIC_NO_PIC = NO;
				GCC_OPTIMIZATION_LEVEL = 0;
				GCC_PREPROCESSOR_DEFINITIONS = (
					"DEBUG=1",
					"$(inherited)",
				);
				GCC_SYMBOLS_PRIVATE_EXTERN = NO;
				GCC_WARN_64_TO_32_BIT_CONVERSION = YES;
				GCC_WARN_ABOUT_RETURN_TYPE = YES_ERROR;
				GCC_WARN_UNDECLARED_SELECTOR = YES;
				GCC_WARN_UNINITIALIZED_AUTOS = YES_AGGRESSIVE;
				GCC_WARN_UNUSED_FUNCTION = YES;
				GCC_WARN_UNUSED_VARIABLE = YES;
				IPHONEOS_DEPLOYMENT_TARGET = 7.1;
				ONLY_ACTIVE_ARCH = YES;
				SDKROOT = iphoneos;
				TARGETED_DEVICE_FAMILY = "1,2";
			};
			name = Debug;
		};
		FB561EA8194B505D0049864D /* Release */ = {
			isa = XCBuildConfiguration;
			buildSettings = {
				ALWAYS_SEARCH_USER_PATHS = NO;
				CLANG_CXX_LANGUAGE_STANDARD = "gnu++0x";
				CLANG_CXX_LIBRARY = "libc++";
				CLANG_ENABLE_MODULES = YES;
				CLANG_ENABLE_OBJC_ARC = YES;
				CLANG_WARN_BOOL_CONVERSION = YES;
				CLANG_WARN_CONSTANT_CONVERSION = YES;
				CLANG_WARN_DIRECT_OBJC_ISA_USAGE = YES_ERROR;
				CLANG_WARN_EMPTY_BODY = YES;
				CLANG_WARN_ENUM_CONVERSION = YES;
				CLANG_WARN_INT_CONVERSION = YES;
				CLANG_WARN_OBJC_ROOT_CLASS = YES_ERROR;
				CLANG_WARN__DUPLICATE_METHOD_MATCH = YES;
				"CODE_SIGN_IDENTITY[sdk=iphoneos*]" = "iPhone Developer";
				COPY_PHASE_STRIP = YES;
				ENABLE_NS_ASSERTIONS = NO;
				GCC_C_LANGUAGE_STANDARD = gnu99;
				GCC_WARN_64_TO_32_BIT_CONVERSION = YES;
				GCC_WARN_ABOUT_RETURN_TYPE = YES_ERROR;
				GCC_WARN_UNDECLARED_SELECTOR = YES;
				GCC_WARN_UNINITIALIZED_AUTOS = YES_AGGRESSIVE;
				GCC_WARN_UNUSED_FUNCTION = YES;
				GCC_WARN_UNUSED_VARIABLE = YES;
				IPHONEOS_DEPLOYMENT_TARGET = 7.1;
				SDKROOT = iphoneos;
				TARGETED_DEVICE_FAMILY = "1,2";
				VALIDATE_PRODUCT = YES;
			};
			name = Release;
		};
		FB561EAA194B505D0049864D /* Debug */ = {
			isa = XCBuildConfiguration;
			buildSettings = {
				ASSETCATALOG_COMPILER_APPICON_NAME = AppIcon;
				ASSETCATALOG_COMPILER_LAUNCHIMAGE_NAME = LaunchImage;
				GCC_PRECOMPILE_PREFIX_HEADER = YES;
				GCC_PREFIX_HEADER = "BooksAndMovies/BooksAndMovies-Prefix.pch";
				INFOPLIST_FILE = "BooksAndMovies/BooksAndMovies-Info.plist";
				PRODUCT_NAME = "$(TARGET_NAME)";
				WRAPPER_EXTENSION = app;
			};
			name = Debug;
		};
		FB561EAB194B505D0049864D /* Release */ = {
			isa = XCBuildConfiguration;
			buildSettings = {
				ASSETCATALOG_COMPILER_APPICON_NAME = AppIcon;
				ASSETCATALOG_COMPILER_LAUNCHIMAGE_NAME = LaunchImage;
				GCC_PRECOMPILE_PREFIX_HEADER = YES;
				GCC_PREFIX_HEADER = "BooksAndMovies/BooksAndMovies-Prefix.pch";
				INFOPLIST_FILE = "BooksAndMovies/BooksAndMovies-Info.plist";
				PRODUCT_NAME = "$(TARGET_NAME)";
				WRAPPER_EXTENSION = app;
			};
			name = Release;
		};
		FB561EAD194B505D0049864D /* Debug */ = {
			isa = XCBuildConfiguration;
			buildSettings = {
				BUNDLE_LOADER = "$(BUILT_PRODUCTS_DIR)/BooksAndMovies.app/BooksAndMovies";
				FRAMEWORK_SEARCH_PATHS = (
					"$(SDKROOT)/Developer/Library/Frameworks",
					"$(inherited)",
					"$(DEVELOPER_FRAMEWORKS_DIR)",
				);
				GCC_PRECOMPILE_PREFIX_HEADER = YES;
				GCC_PREFIX_HEADER = "BooksAndMovies/BooksAndMovies-Prefix.pch";
				GCC_PREPROCESSOR_DEFINITIONS = (
					"DEBUG=1",
					"$(inherited)",
				);
				INFOPLIST_FILE = "BooksAndMoviesTests/BooksAndMoviesTests-Info.plist";
				PRODUCT_NAME = "$(TARGET_NAME)";
				TEST_HOST = "$(BUNDLE_LOADER)";
				WRAPPER_EXTENSION = xctest;
			};
			name = Debug;
		};
		FB561EAE194B505D0049864D /* Release */ = {
			isa = XCBuildConfiguration;
			buildSettings = {
				BUNDLE_LOADER = "$(BUILT_PRODUCTS_DIR)/BooksAndMovies.app/BooksAndMovies";
				FRAMEWORK_SEARCH_PATHS = (
					"$(SDKROOT)/Developer/Library/Frameworks",
					"$(inherited)",
					"$(DEVELOPER_FRAMEWORKS_DIR)",
				);
				GCC_PRECOMPILE_PREFIX_HEADER = YES;
				GCC_PREFIX_HEADER = "BooksAndMovies/BooksAndMovies-Prefix.pch";
				INFOPLIST_FILE = "BooksAndMoviesTests/BooksAndMoviesTests-Info.plist";
				PRODUCT_NAME = "$(TARGET_NAME)";
				TEST_HOST = "$(BUNDLE_LOADER)";
				WRAPPER_EXTENSION = xctest;
			};
			name = Release;
		};
/* End XCBuildConfiguration section */

/* Begin XCConfigurationList section */
		FB561E6F194B505D0049864D /* Build configuration list for PBXProject "BooksAndMovies" */ = {
			isa = XCConfigurationList;
			buildConfigurations = (
				FB561EA7194B505D0049864D /* Debug */,
				FB561EA8194B505D0049864D /* Release */,
			);
			defaultConfigurationIsVisible = 0;
			defaultConfigurationName = Release;
		};
		FB561EA9194B505D0049864D /* Build configuration list for PBXNativeTarget "BooksAndMovies" */ = {
			isa = XCConfigurationList;
			buildConfigurations = (
				FB561EAA194B505D0049864D /* Debug */,
				FB561EAB194B505D0049864D /* Release */,
			);
			defaultConfigurationIsVisible = 0;
		};
		FB561EAC194B505D0049864D /* Build configuration list for PBXNativeTarget "BooksAndMoviesTests" */ = {
			isa = XCConfigurationList;
			buildConfigurations = (
				FB561EAD194B505D0049864D /* Debug */,
				FB561EAE194B505D0049864D /* Release */,
			);
			defaultConfigurationIsVisible = 0;
		};
/* End XCConfigurationList section */
	};
	rootObject = FB561E6C194B505D0049864D /* Project object */;
}
